damuspeaker
damuspeak
https://t.me/+5kN62jRibGw2Mjdl
https://redenvelope.eventimtoken.com.cn
https://t.me/baga233
https://t.me/Smartinu_1
https://t.me/S9Coin_cn
https://t.me/jianhuanghui
https://xdjz6.nl
https://bb38.top
https://t.me/chatgptzhcn
https://t.me/damus88
https://t.me/huang885888
WeChat 群欢迎进群交流
http://bit.ly/3laIr3u
有意加v: dosoos
快去领🌈`b a o把
https://discord.com/invite/SusQJveN
https://t.me/kuangbiao666
https://lemonwallet.cn/#/
https://t.me/jinpaichadang001
https://t.me/anyecha
https://airdrop.eventimtoken.com.cn
https://t.me/chigualixing
https://nostr.build/i/nostr.build
https://bit.ly/3JGAYU7
https://markdown.isab.run/avatar/
https://bit.ly/3JGAYU7
Keep going!
https://minepi.com/
Scissors #[0]
Rock #[0]
Paper #[0]
Rock Paper Scissors (RPS) Contest Result Announcement
582898.com
🥊Matching you with an opponent!
https://doc.unift.xyz/
🎉Congrats, you win!
😭You lost. Don't give up, try again!
https://56xx.top/
https://t.me/Smartkefu
https://t.me/+b8F1ZkhGalNlMWM1
✌️ #[0]
🖐️ #[0]
✊ #[0]
[SELL] BTC/EUR
[SELL] BTC/USD
[SELL] BTC/GBP
[BUY] BTC/EUR
[BUY] BTC/USD
[BUY] BTC/GBP