a0e1275b3946450f999e6fd855e723daeeaeb81f77322529ae20f3b188fb62d7
8ebf24a6d1a0bb69f7bce5863fec286ff3a0ebafdff0e89e2ed219d83f219238
35e8d69e112de24d753014477d92b2634de4f7657a3ea1f5dac6dd812ce4dfeb
97f33a7bb1a66beffaaaee1715308c8f875655cbbe106001ac85065d14186abb
6663dcc0e4b9109a56d39c66f6ec1faaa9937b7727f72cfb7d64b0e47bf017ce
020ef83d410c2c1ab9d65f52652fbbd89fcfc6270543272d0482f4303018b472
3e1691aa75beb6aff2887e677b10f89a5ab9f71e7e3c54800eb6ab96d3afd9a7
57e3f20dc2851eccf3d452beeec0a21827e99e58a1af35cc911f72f3dcc9b434
8dc650dedc37e3506d5285309b54cc25af43fdb6ba82bcf8abf3a738b7bccb9b
cc5f259f036683798e4a52071dbb97238702ffb6f0c85af6d273c8ddbe5c0afb
